
Microsoft Visual Studio Solution File, Format Version 12.00
# Visual Studio Version 16
VisualStudioVersion = 16.0.33927.289
MinimumVisualStudioVersion = 10.0.40219.1
Project("{2150E333-8FDC-42A3-9474-1A3956D46DE8}") = "Task0", "Task0", "{E756D98D-03A4-47E2-9943-7C797FEABA4E}"
EndProject
Project("{FAE04EC0-301F-11D3-BF4B-00C04F79EFBC}") = "Tyuiu.ShabukovDV.Sprint4.Task0.V25", "Tyuiu.ShabukovDV.Sprint4.Task0.V25\Tyuiu.ShabukovDV.Sprint4.Task0.V25.csproj", "{26BE9096-41A7-4391-9616-6DFD6476A2EC}"
EndProject
Project("{FAE04EC0-301F-11D3-BF4B-00C04F79EFBC}") = "Tyuiu.ShabukovDV.Sprint4.Task0.V25.Test", "Tyuiu.ShabukovDV.Sprint4.Task0.V25.Test\Tyuiu.ShabukovDV.Sprint4.Task0.V25.Test.csproj", "{BF70A9CE-AB98-4025-8E4C-118CBC885341}"
EndProject
Project("{FAE04EC0-301F-11D3-BF4B-00C04F79EFBC}") = "Tyuiu.ShabukovDV.Sprint4.Task0.V25.Lib", "Tyuiu.ShabukovDV.Sprint4.Task0.V25.Lib\Tyuiu.ShabukovDV.Sprint4.Task0.V25.Lib.csproj", "{E1DCDD46-DC95-4848-8436-411F64D15C6D}"
EndProject
Project("{2150E333-8FDC-42A3-9474-1A3956D46DE8}") = "Task1", "Task1", "{2F6B707A-B71B-4C51-A8D9-0BD95894F699}"
EndProject
Project("{FAE04EC0-301F-11D3-BF4B-00C04F79EFBC}") = "Tyuiu.ShabukovDV.Sprint4.Task1.V29", "Tyuiu.ShabukovDV.Sprint4.Task1.V29\Tyuiu.ShabukovDV.Sprint4.Task1.V29.csproj", "{0104D9F6-AEF2-4A75-B304-99D7588D4EBC}"
EndProject
Project("{FAE04EC0-301F-11D3-BF4B-00C04F79EFBC}") = "Tyuiu.ShabukovDV.Sprint4.Task1.V29.Test", "Tyuiu.ShabukovDV.Sprint4.Task1.V29.Test\Tyuiu.ShabukovDV.Sprint4.Task1.V29.Test.csproj", "{9E863940-5E73-44D9-968F-554B83FD63FF}"
EndProject
Project("{FAE04EC0-301F-11D3-BF4B-00C04F79EFBC}") = "Tyuiu.ShabukovDV.Sprint4.Task1.V29.Lib", "Tyuiu.ShabukovDV.Sprint4.Task1.V29.Lib\Tyuiu.ShabukovDV.Sprint4.Task1.V29.Lib.csproj", "{129D797C-4606-4D5C-9646-F2655B69D7C7}"
EndProject
Project("{2150E333-8FDC-42A3-9474-1A3956D46DE8}") = "Task3", "Task3", "{7C6E40AE-A58C-4DB0-936A-8AF504225BDD}"
EndProject
Project("{2150E333-8FDC-42A3-9474-1A3956D46DE8}") = "Task4", "Task4", "{33039680-1E2A-4821-A287-B650E8A41347}"
EndProject
Project("{2150E333-8FDC-42A3-9474-1A3956D46DE8}") = "Task5", "Task5", "{357C700B-CA45-4815-B6A8-E4BA65327183}"
EndProject
Project("{2150E333-8FDC-42A3-9474-1A3956D46DE8}") = "Task6", "Task6", "{C45F0671-F43D-4648-B737-28D80FC86E70}"
EndProject
Project("{2150E333-8FDC-42A3-9474-1A3956D46DE8}") = "Task7", "Task7", "{C8831786-660D-4583-8198-5AA90E77A343}"
EndProject
Project("{2150E333-8FDC-42A3-9474-1A3956D46DE8}") = "Task2", "Task2", "{B6FD7831-DA7B-4196-9CD6-13C49955C1DE}"
EndProject
Project("{FAE04EC0-301F-11D3-BF4B-00C04F79EFBC}") = "Tyuiu.ShabukovDV.Sprint4.Task2.V15", "Tyuiu.ShabukovDV.Sprint4.Task2.V15\Tyuiu.ShabukovDV.Sprint4.Task2.V15.csproj", "{2DA45C37-0A03-4BE6-A1B0-D09801305DEB}"
EndProject
Project("{FAE04EC0-301F-11D3-BF4B-00C04F79EFBC}") = "Tyuiu.ShabukovDV.Sprint4.Task2.V15.Test", "Tyuiu.ShabukovDV.Sprint4.Task2.V15.Test\Tyuiu.ShabukovDV.Sprint4.Task2.V15.Test.csproj", "{1462266F-62ED-432C-8B11-F6C1E9F6122A}"
EndProject
Project("{FAE04EC0-301F-11D3-BF4B-00C04F79EFBC}") = "Tyuiu.ShabukovDV.Sprint4.Task2.V15.Lib", "Tyuiu.ShabukovDV.Sprint4.Task2.V15.Lib\Tyuiu.ShabukovDV.Sprint4.Task2.V15.Lib.csproj", "{852DC2B2-6387-4C5A-BA0D-151C1127D786}"
EndProject
Project("{FAE04EC0-301F-11D3-BF4B-00C04F79EFBC}") = "Tyuiu.ShabukovDV.Sprint4.Task3.V12", "Tyuiu.ShabukovDV.Sprint4.Task3.V12\Tyuiu.ShabukovDV.Sprint4.Task3.V12.csproj", "{2421B495-7959-4AE5-AAEF-49CC45CCB26C}"
EndProject
Project("{FAE04EC0-301F-11D3-BF4B-00C04F79EFBC}") = "Tyuiu.ShabukovDV.Sprint4.Task3.V12.Test", "Tyuiu.ShabukovDV.Sprint4.Task3.V12.Test\Tyuiu.ShabukovDV.Sprint4.Task3.V12.Test.csproj", "{834CB7C5-608B-4DCF-8CA3-68B0EAC478F7}"
EndProject
Project("{FAE04EC0-301F-11D3-BF4B-00C04F79EFBC}") = "Tyuiu.ShabukovDV.Sprint4.Task3.V12.Lib", "Tyuiu.ShabukovDV.Sprint4.Task3.V12.Lib\Tyuiu.ShabukovDV.Sprint4.Task3.V12.Lib.csproj", "{B593D8A4-3B62-446B-B913-3F5A3D944335}"
EndProject
Global
	GlobalSection(SolutionConfigurationPlatforms) = preSolution
		Debug|Any CPU = Debug|Any CPU
		Release|Any CPU = Release|Any CPU
	EndGlobalSection
	GlobalSection(ProjectConfigurationPlatforms) = postSolution
		{26BE9096-41A7-4391-9616-6DFD6476A2EC}.Debug|Any CPU.ActiveCfg = Debug|Any CPU
		{26BE9096-41A7-4391-9616-6DFD6476A2EC}.Debug|Any CPU.Build.0 = Debug|Any CPU
		{26BE9096-41A7-4391-9616-6DFD6476A2EC}.Release|Any CPU.ActiveCfg = Release|Any CPU
		{26BE9096-41A7-4391-9616-6DFD6476A2EC}.Release|Any CPU.Build.0 = Release|Any CPU
		{BF70A9CE-AB98-4025-8E4C-118CBC885341}.Debug|Any CPU.ActiveCfg = Debug|Any CPU
		{BF70A9CE-AB98-4025-8E4C-118CBC885341}.Debug|Any CPU.Build.0 = Debug|Any CPU
		{BF70A9CE-AB98-4025-8E4C-118CBC885341}.Release|Any CPU.ActiveCfg = Release|Any CPU
		{BF70A9CE-AB98-4025-8E4C-118CBC885341}.Release|Any CPU.Build.0 = Release|Any CPU
		{E1DCDD46-DC95-4848-8436-411F64D15C6D}.Debug|Any CPU.ActiveCfg = Debug|Any CPU
		{E1DCDD46-DC95-4848-8436-411F64D15C6D}.Debug|Any CPU.Build.0 = Debug|Any CPU
		{E1DCDD46-DC95-4848-8436-411F64D15C6D}.Release|Any CPU.ActiveCfg = Release|Any CPU
		{E1DCDD46-DC95-4848-8436-411F64D15C6D}.Release|Any CPU.Build.0 = Release|Any CPU
		{0104D9F6-AEF2-4A75-B304-99D7588D4EBC}.Debug|Any CPU.ActiveCfg = Debug|Any CPU
		{0104D9F6-AEF2-4A75-B304-99D7588D4EBC}.Debug|Any CPU.Build.0 = Debug|Any CPU
		{0104D9F6-AEF2-4A75-B304-99D7588D4EBC}.Release|Any CPU.ActiveCfg = Release|Any CPU
		{0104D9F6-AEF2-4A75-B304-99D7588D4EBC}.Release|Any CPU.Build.0 = Release|Any CPU
		{9E863940-5E73-44D9-968F-554B83FD63FF}.Debug|Any CPU.ActiveCfg = Debug|Any CPU
		{9E863940-5E73-44D9-968F-554B83FD63FF}.Debug|Any CPU.Build.0 = Debug|Any CPU
		{9E863940-5E73-44D9-968F-554B83FD63FF}.Release|Any CPU.ActiveCfg = Release|Any CPU
		{9E863940-5E73-44D9-968F-554B83FD63FF}.Release|Any CPU.Build.0 = Release|Any CPU
		{129D797C-4606-4D5C-9646-F2655B69D7C7}.Debug|Any CPU.ActiveCfg = Debug|Any CPU
		{129D797C-4606-4D5C-9646-F2655B69D7C7}.Debug|Any CPU.Build.0 = Debug|Any CPU
		{129D797C-4606-4D5C-9646-F2655B69D7C7}.Release|Any CPU.ActiveCfg = Release|Any CPU
		{129D797C-4606-4D5C-9646-F2655B69D7C7}.Release|Any CPU.Build.0 = Release|Any CPU
		{2DA45C37-0A03-4BE6-A1B0-D09801305DEB}.Debug|Any CPU.ActiveCfg = Debug|Any CPU
		{2DA45C37-0A03-4BE6-A1B0-D09801305DEB}.Debug|Any CPU.Build.0 = Debug|Any CPU
		{2DA45C37-0A03-4BE6-A1B0-D09801305DEB}.Release|Any CPU.ActiveCfg = Release|Any CPU
		{2DA45C37-0A03-4BE6-A1B0-D09801305DEB}.Release|Any CPU.Build.0 = Release|Any CPU
		{1462266F-62ED-432C-8B11-F6C1E9F6122A}.Debug|Any CPU.ActiveCfg = Debug|Any CPU
		{1462266F-62ED-432C-8B11-F6C1E9F6122A}.Debug|Any CPU.Build.0 = Debug|Any CPU
		{1462266F-62ED-432C-8B11-F6C1E9F6122A}.Release|Any CPU.ActiveCfg = Release|Any CPU
		{1462266F-62ED-432C-8B11-F6C1E9F6122A}.Release|Any CPU.Build.0 = Release|Any CPU
		{852DC2B2-6387-4C5A-BA0D-151C1127D786}.Debug|Any CPU.ActiveCfg = Debug|Any CPU
		{852DC2B2-6387-4C5A-BA0D-151C1127D786}.Debug|Any CPU.Build.0 = Debug|Any CPU
		{852DC2B2-6387-4C5A-BA0D-151C1127D786}.Release|Any CPU.ActiveCfg = Release|Any CPU
		{852DC2B2-6387-4C5A-BA0D-151C1127D786}.Release|Any CPU.Build.0 = Release|Any CPU
		{2421B495-7959-4AE5-AAEF-49CC45CCB26C}.Debug|Any CPU.ActiveCfg = Debug|Any CPU
		{2421B495-7959-4AE5-AAEF-49CC45CCB26C}.Debug|Any CPU.Build.0 = Debug|Any CPU
		{2421B495-7959-4AE5-AAEF-49CC45CCB26C}.Release|Any CPU.ActiveCfg = Release|Any CPU
		{2421B495-7959-4AE5-AAEF-49CC45CCB26C}.Release|Any CPU.Build.0 = Release|Any CPU
		{834CB7C5-608B-4DCF-8CA3-68B0EAC478F7}.Debug|Any CPU.ActiveCfg = Debug|Any CPU
		{834CB7C5-608B-4DCF-8CA3-68B0EAC478F7}.Debug|Any CPU.Build.0 = Debug|Any CPU
		{834CB7C5-608B-4DCF-8CA3-68B0EAC478F7}.Release|Any CPU.ActiveCfg = Release|Any CPU
		{834CB7C5-608B-4DCF-8CA3-68B0EAC478F7}.Release|Any CPU.Build.0 = Release|Any CPU
		{B593D8A4-3B62-446B-B913-3F5A3D944335}.Debug|Any CPU.ActiveCfg = Debug|Any CPU
		{B593D8A4-3B62-446B-B913-3F5A3D944335}.Debug|Any CPU.Build.0 = Debug|Any CPU
		{B593D8A4-3B62-446B-B913-3F5A3D944335}.Release|Any CPU.ActiveCfg = Release|Any CPU
		{B593D8A4-3B62-446B-B913-3F5A3D944335}.Release|Any CPU.Build.0 = Release|Any CPU
	EndGlobalSection
	GlobalSection(SolutionProperties) = preSolution
		HideSolutionNode = FALSE
	EndGlobalSection
	GlobalSection(NestedProjects) = preSolution
		{26BE9096-41A7-4391-9616-6DFD6476A2EC} = {E756D98D-03A4-47E2-9943-7C797FEABA4E}
		{BF70A9CE-AB98-4025-8E4C-118CBC885341} = {E756D98D-03A4-47E2-9943-7C797FEABA4E}
		{E1DCDD46-DC95-4848-8436-411F64D15C6D} = {E756D98D-03A4-47E2-9943-7C797FEABA4E}
		{0104D9F6-AEF2-4A75-B304-99D7588D4EBC} = {2F6B707A-B71B-4C51-A8D9-0BD95894F699}
		{9E863940-5E73-44D9-968F-554B83FD63FF} = {2F6B707A-B71B-4C51-A8D9-0BD95894F699}
		{129D797C-4606-4D5C-9646-F2655B69D7C7} = {2F6B707A-B71B-4C51-A8D9-0BD95894F699}
		{2DA45C37-0A03-4BE6-A1B0-D09801305DEB} = {B6FD7831-DA7B-4196-9CD6-13C49955C1DE}
		{1462266F-62ED-432C-8B11-F6C1E9F6122A} = {B6FD7831-DA7B-4196-9CD6-13C49955C1DE}
		{852DC2B2-6387-4C5A-BA0D-151C1127D786} = {B6FD7831-DA7B-4196-9CD6-13C49955C1DE}
		{2421B495-7959-4AE5-AAEF-49CC45CCB26C} = {7C6E40AE-A58C-4DB0-936A-8AF504225BDD}
		{834CB7C5-608B-4DCF-8CA3-68B0EAC478F7} = {7C6E40AE-A58C-4DB0-936A-8AF504225BDD}
		{B593D8A4-3B62-446B-B913-3F5A3D944335} = {7C6E40AE-A58C-4DB0-936A-8AF504225BDD}
	EndGlobalSection
	GlobalSection(ExtensibilityGlobals) = postSolution
		SolutionGuid = {574B762F-F19A-4576-A178-7A223B72417F}
	EndGlobalSection
EndGlobal
